
Microsoft Visual Studio Solution File, Format Version 12.00
# Visual Studio 14
VisualStudioVersion = 14.0.25420.1
MinimumVisualStudioVersion = 10.0.40219.1
Project("{8BC9CEB8-8B4A-11D0-8D11-00A0C91BC942}") = "Q8_Dijkstra", "Q8_Dijkstra\Q8_Dijkstra.vcxproj", "{516F2E3D-C68E-409E-84E0-DF063C5AE117}"
EndProject
Global
	GlobalSection(SolutionConfigurationPlatforms) = preSolution
		Debug|x64 = Debug|x64
		Debug|x86 = Debug|x86
		Release|x64 = Release|x64
		Release|x86 = Release|x86
	EndGlobalSection
	GlobalSection(ProjectConfigurationPlatforms) = postSolution
		{516F2E3D-C68E-409E-84E0-DF063C5AE117}.Debug|x64.ActiveCfg = Debug|x64
		{516F2E3D-C68E-409E-84E0-DF063C5AE117}.Debug|x64.Build.0 = Debug|x64
		{516F2E3D-C68E-409E-84E0-DF063C5AE117}.Debug|x86.ActiveCfg = Debug|Win32
		{516F2E3D-C68E-409E-84E0-DF063C5AE117}.Debug|x86.Build.0 = Debug|Win32
		{516F2E3D-C68E-409E-84E0-DF063C5AE117}.Release|x64.ActiveCfg = Release|x64
		{516F2E3D-C68E-409E-84E0-DF063C5AE117}.Release|x64.Build.0 = Release|x64
		{516F2E3D-C68E-409E-84E0-DF063C5AE117}.Release|x86.ActiveCfg = Release|Win32
		{516F2E3D-C68E-409E-84E0-DF063C5AE117}.Release|x86.Build.0 = Release|Win32
	EndGlobalSection
	GlobalSection(SolutionProperties) = preSolution
		HideSolutionNode = FALSE
	EndGlobalSection
EndGlobal
